{
  "name": "prose_file",
  "version": "2.0.4",
  "lockfileVersion": 1,
  "requires": true,
  "dependencies": {
    "prose_array": {
      "version": "2.0.1",
      "resolved": "https://registry.npmjs.org/prose_array/-/prose_array-2.0.1.tgz",
      "integrity": "sha512-eisYZxpGk59Hx7h9+HXbv/H1pYnc7RolJ1hszR+aRVPcIArTBX5fTMkOYlcx8cwEFMvIpgf7gE27Mefh+CTunw==",
      "requires": {
        "prose_is": "*",
        "prose_isit": "*",
        "prose_object": "*",
        "prose_string": "*"
      }
    },
    "prose_is": {
      "version": "2.0.2",
      "resolved": "https://registry.npmjs.org/prose_is/-/prose_is-2.0.2.tgz",
      "integrity": "sha512-v+kDC6DvDDnTgAOKv7HqUW8dlGA/aBkmMK9T9i9aeie3HU+AxrIF2cGtviC6rwJyhiX/pqBQQVYwK8vQ3q7NuA=="
    },
    "prose_isit": {
      "version": "2.0.3",
      "resolved": "https://registry.npmjs.org/prose_isit/-/prose_isit-2.0.3.tgz",
      "integrity": "sha512-nmk8GRfD4YQnLpt3g4Rf1CmP3Wq76ey14tcNffDHK0r1cuoEKr42N1/xLqSZPeiGMERlP63omkr9d7/N7LntNQ==",
      "requires": {
        "prose_is": "*"
      }
    },
    "prose_object": {
      "version": "1.0.12",
      "resolved": "https://registry.npmjs.org/prose_object/-/prose_object-1.0.12.tgz",
      "integrity": "sha512-axwYWQq2L6/rbWF9KM8mry9CF0REj4Eqmruq1bbxoVmmJcDnzj2biVHVIm8KihRF+uT/Bzpx8rF1cexiMgzFxQ==",
      "requires": {
        "prose_array": "*",
        "prose_isit": "*",
        "prose_string": "*"
      }
    },
    "prose_os": {
      "version": "1.0.12",
      "resolved": "https://registry.npmjs.org/prose_os/-/prose_os-1.0.12.tgz",
      "integrity": "sha512-hgSBuKGdC6D/OP0/7UjoAI7bnBPy2G9LoJmP6YjUXVNij4Rszjnd9NnW4AuACGh5Dqui/3QbOagMDKctb1SL2Q==",
      "requires": {
        "prose_array": "*",
        "prose_isit": "*",
        "prose_string": "*"
      }
    },
    "prose_string": {
      "version": "1.0.12",
      "resolved": "https://registry.npmjs.org/prose_string/-/prose_string-1.0.12.tgz",
      "integrity": "sha512-dL77jD4U2ZkwkaeDNEYcadhoqmF5WMNPfjd6mN2gV8AhQhlQwQxSzLG/rD+PgpnUhmezpZWjdAcaFx+XZkoP5A==",
      "requires": {
        "prose_array": "*",
        "prose_isit": "*"
      }
    },
    "uuid": {
      "version": "7.0.3",
      "resolved": "https://registry.npmjs.org/uuid/-/uuid-7.0.3.tgz",
      "integrity": "sha512-DPSke0pXhTZgoF/d+WSt2QaKMCFSfx7QegxEWT+JOuHF5aWrKEn0G+ztjuJg/gG8/ItK+rbPCD/yNv8yyih6Cg=="
    },
    "uuidv4": {
      "version": "6.0.7",
      "resolved": "https://registry.npmjs.org/uuidv4/-/uuidv4-6.0.7.tgz",
      "integrity": "sha512-4mpYRFNqO22EckzxPSJ/+xjn9GgO6SAqEJ33yt23Y+HZZoZOt/6l4U4iIjc86ZfxSN2fSCGGmHNb3kiACFNd1g==",
      "requires": {
        "uuid": "7.0.3"
      }
    }
  }
}
